{
  "requires": true,
  "lockfileVersion": 1,
  "dependencies": {
    "@angular/core": {
      "version": "6.0.7",
      "resolved": "https://registry.npmjs.org/@angular/core/-/core-6.0.7.tgz",
      "integrity": "sha512-aZ0NvbYsMGqg0zUu7+9vuDxnGzwe++RsBBhlwHZHz1ZZwJmU6VJhUhaI+MuKC7rHyFFr9vUxvJ7ilhGaK2+J7A==",
      "requires": {
        "tslib": "1.9.3"
      }
    },
    "angular": {
      "version": "1.7.2",
      "resolved": "https://registry.npmjs.org/angular/-/angular-1.7.2.tgz",
      "integrity": "sha512-JcKKJbBdybUsmQ6x1M3xWyTYQ/ioVKJhSByEAjqrhmlOfvMFdhfMqAx5KIo8rLGk4DFolYPcCSgssjgTVjCtRQ=="
    },
    "tslib": {
      "version": "1.9.3",
      "resolved": "https://registry.npmjs.org/tslib/-/tslib-1.9.3.tgz",
      "integrity": "sha512-4krF8scpejhaOgqzBEcGM7yDIEfi0/8+8zDRZhNZZ2kjmHJ4hv3zCbQWxoJGz1iw5U0Jl0nma13xzHXcncMavQ=="
    }
  }
}
